// !$*UTF8*$!
{
	archiveVersion = 1;
	classes = {
	};
	objectVersion = 50;
	objects = {

/* Begin PBXBuildFile section */
		83B4B771225A146A00632FB4 /* AppDelegate.swift in Sources */ = {isa = PBXBuildFile; fileRef = 83B4B770225A146A00632FB4 /* AppDelegate.swift */; };
		83B4B773225A146A00632FB4 /* ViewController.swift in Sources */ = {isa = PBXBuildFile; fileRef = 83B4B772225A146A00632FB4 /* ViewController.swift */; };
		83B4B776225A146A00632FB4 /* Main.storyboard in Resources */ = {isa = PBXBuildFile; fileRef = 83B4B774225A146A00632FB4 /* Main.storyboard */; };
		83B4B778225A146B00632FB4 /* Assets.xcassets in Resources */ = {isa = PBXBuildFile; fileRef = 83B4B777225A146B00632FB4 /* Assets.xcassets */; };
		83B4B77B225A146B00632FB4 /* LaunchScreen.storyboard in Resources */ = {isa = PBXBuildFile; fileRef = 83B4B779225A146B00632FB4 /* LaunchScreen.storyboard */; };
		83B4B789225A14DD00632FB4 /* AppDelegate.swift in Sources */ = {isa = PBXBuildFile; fileRef = 83B4B788225A14DD00632FB4 /* AppDelegate.swift */; };
		83B4B78B225A14DD00632FB4 /* ViewController.swift in Sources */ = {isa = PBXBuildFile; fileRef = 83B4B78A225A14DD00632FB4 /* ViewController.swift */; };
		83B4B78E225A14DD00632FB4 /* Main.storyboard in Resources */ = {isa = PBXBuildFile; fileRef = 83B4B78C225A14DD00632FB4 /* Main.storyboard */; };
		83B4B793225A14DD00632FB4 /* LaunchScreen.storyboard in Resources */ = {isa = PBXBuildFile; fileRef = 83B4B791225A14DD00632FB4 /* LaunchScreen.storyboard */; };
		83B4B799225A154200632FB4 /* Assets.xcassets in Resources */ = {isa = PBXBuildFile; fileRef = 83B4B777225A146B00632FB4 /* Assets.xcassets */; };
		83B4B79D225A1A1400632FB4 /* LoginStoryboard.storyboard in Resources */ = {isa = PBXBuildFile; fileRef = 83B4B79C225A1A1400632FB4 /* LoginStoryboard.storyboard */; };
/* End PBXBuildFile section */

/* Begin PBXFileReference section */
		83B4B76D225A146A00632FB4 /* wagon.app */ = {isa = PBXFileReference; explicitFileType = wrapper.application; includeInIndex = 0; path = wagon.app; sourceTree = BUILT_PRODUCTS_DIR; };
		83B4B770225A146A00632FB4 /* AppDelegate.swift */ = {isa = PBXFileReference; lastKnownFileType = sourcecode.swift; path = AppDelegate.swift; sourceTree = "<group>"; };
		83B4B772225A146A00632FB4 /* ViewController.swift */ = {isa = PBXFileReference; lastKnownFileType = sourcecode.swift; path = ViewController.swift; sourceTree = "<group>"; };
		83B4B775225A146A00632FB4 /* Base */ = {isa = PBXFileReference; lastKnownFileType = file.storyboard; name = Base; path = Base.lproj/Main.storyboard; sourceTree = "<group>"; };
		83B4B777225A146B00632FB4 /* Assets.xcassets */ = {isa = PBXFileReference; lastKnownFileType = folder.assetcatalog; path = Assets.xcassets; sourceTree = "<group>"; };
		83B4B77A225A146B00632FB4 /* Base */ = {isa = PBXFileReference; lastKnownFileType = file.storyboard; name = Base; path = Base.lproj/LaunchScreen.storyboard; sourceTree = "<group>"; };
		83B4B77C225A146B00632FB4 /* Info.plist */ = {isa = PBXFileReference; lastKnownFileType = text.plist.xml; path = Info.plist; sourceTree = "<group>"; };
		83B4B786225A14DD00632FB4 /* wagonadmin.app */ = {isa = PBXFileReference; explicitFileType = wrapper.application; includeInIndex = 0; path = wagonadmin.app; sourceTree = BUILT_PRODUCTS_DIR; };
		83B4B788225A14DD00632FB4 /* AppDelegate.swift */ = {isa = PBXFileReference; lastKnownFileType = sourcecode.swift; path = AppDelegate.swift; sourceTree = "<group>"; };
		83B4B78A225A14DD00632FB4 /* ViewController.swift */ = {isa = PBXFileReference; lastKnownFileType = sourcecode.swift; path = ViewController.swift; sourceTree = "<group>"; };
		83B4B78D225A14DD00632FB4 /* Base */ = {isa = PBXFileReference; lastKnownFileType = file.storyboard; name = Base; path = Base.lproj/Main.storyboard; sourceTree = "<group>"; };
		83B4B792225A14DD00632FB4 /* Base */ = {isa = PBXFileReference; lastKnownFileType = file.storyboard; name = Base; path = Base.lproj/LaunchScreen.storyboard; sourceTree = "<group>"; };
		83B4B794225A14DD00632FB4 /* Info.plist */ = {isa = PBXFileReference; lastKnownFileType = text.plist.xml; path = Info.plist; sourceTree = "<group>"; };
		83B4B79C225A1A1400632FB4 /* LoginStoryboard.storyboard */ = {isa = PBXFileReference; lastKnownFileType = file.storyboard; path = LoginStoryboard.storyboard; sourceTree = "<group>"; };
/* End PBXFileReference section */

/* Begin PBXFrameworksBuildPhase section */
		83B4B76A225A146A00632FB4 /* Frameworks */ = {
			isa = PBXFrameworksBuildPhase;
			buildActionMask = 2147483647;
			files = (
			);
			runOnlyForDeploymentPostprocessing = 0;
		};
		83B4B783225A14DD00632FB4 /* Frameworks */ = {
			isa = PBXFrameworksBuildPhase;
			buildActionMask = 2147483647;
			files = (
			);
			runOnlyForDeploymentPostprocessing = 0;
		};
/* End PBXFrameworksBuildPhase section */

/* Begin PBXGroup section */
		83B4B764225A146A00632FB4 = {
			isa = PBXGroup;
			children = (
				83B4B798225A151700632FB4 /* Shared */,
				83B4B76F225A146A00632FB4 /* wagon */,
				83B4B787225A14DD00632FB4 /* wagonadmin */,
				83B4B76E225A146A00632FB4 /* Products */,
			);
			sourceTree = "<group>";
		};
		83B4B76E225A146A00632FB4 /* Products */ = {
			isa = PBXGroup;
			children = (
				83B4B76D225A146A00632FB4 /* wagon.app */,
				83B4B786225A14DD00632FB4 /* wagonadmin.app */,
			);
			name = Products;
			sourceTree = "<group>";
		};
		83B4B76F225A146A00632FB4 /* wagon */ = {
			isa = PBXGroup;
			children = (
				83B4B770225A146A00632FB4 /* AppDelegate.swift */,
				83B4B772225A146A00632FB4 /* ViewController.swift */,
				83B4B774225A146A00632FB4 /* Main.storyboard */,
				83B4B779225A146B00632FB4 /* LaunchScreen.storyboard */,
				83B4B77C225A146B00632FB4 /* Info.plist */,
				83B4B79C225A1A1400632FB4 /* LoginStoryboard.storyboard */,
			);
			path = wagon;
			sourceTree = "<group>";
		};
		83B4B787225A14DD00632FB4 /* wagonadmin */ = {
			isa = PBXGroup;
			children = (
				83B4B788225A14DD00632FB4 /* AppDelegate.swift */,
				83B4B78A225A14DD00632FB4 /* ViewController.swift */,
				83B4B78C225A14DD00632FB4 /* Main.storyboard */,
				83B4B791225A14DD00632FB4 /* LaunchScreen.storyboard */,
				83B4B794225A14DD00632FB4 /* Info.plist */,
			);
			path = wagonadmin;
			sourceTree = "<group>";
		};
		83B4B798225A151700632FB4 /* Shared */ = {
			isa = PBXGroup;
			children = (
				83B4B777225A146B00632FB4 /* Assets.xcassets */,
			);
			path = Shared;
			sourceTree = "<group>";
		};
/* End PBXGroup section */

/* Begin PBXNativeTarget section */
		83B4B76C225A146A00632FB4 /* wagon */ = {
			isa = PBXNativeTarget;
			buildConfigurationList = 83B4B77F225A146B00632FB4 /* Build configuration list for PBXNativeTarget "wagon" */;
			buildPhases = (
				83B4B769225A146A00632FB4 /* Sources */,
				83B4B76A225A146A00632FB4 /* Frameworks */,
				83B4B76B225A146A00632FB4 /* Resources */,
			);
			buildRules = (
			);
			dependencies = (
			);
			name = wagon;
			productName = wagon;
			productReference = 83B4B76D225A146A00632FB4 /* wagon.app */;
			productType = "com.apple.product-type.application";
		};
		83B4B785225A14DD00632FB4 /* wagonadmin */ = {
			isa = PBXNativeTarget;
			buildConfigurationList = 83B4B795225A14DD00632FB4 /* Build configuration list for PBXNativeTarget "wagonadmin" */;
			buildPhases = (
				83B4B782225A14DD00632FB4 /* Sources */,
				83B4B783225A14DD00632FB4 /* Frameworks */,
				83B4B784225A14DD00632FB4 /* Resources */,
			);
			buildRules = (
			);
			dependencies = (
			);
			name = wagonadmin;
			productName = wagonadmin;
			productReference = 83B4B786225A14DD00632FB4 /* wagonadmin.app */;
			productType = "com.apple.product-type.application";
		};
/* End PBXNativeTarget section */

/* Begin PBXProject section */
		83B4B765225A146A00632FB4 /* Project object */ = {
			isa = PBXProject;
			attributes = {
				LastSwiftUpdateCheck = 1020;
				LastUpgradeCheck = 1020;
				ORGANIZATIONNAME = "Danila Ferents";
				TargetAttributes = {
					83B4B76C225A146A00632FB4 = {
						CreatedOnToolsVersion = 10.2;
					};
					83B4B785225A14DD00632FB4 = {
						CreatedOnToolsVersion = 10.2;
					};
				};
			};
			buildConfigurationList = 83B4B768225A146A00632FB4 /* Build configuration list for PBXProject "wagon" */;
			compatibilityVersion = "Xcode 9.3";
			developmentRegion = en;
			hasScannedForEncodings = 0;
			knownRegions = (
				en,
				Base,
			);
			mainGroup = 83B4B764225A146A00632FB4;
			productRefGroup = 83B4B76E225A146A00632FB4 /* Products */;
			projectDirPath = "";
			projectRoot = "";
			targets = (
				83B4B76C225A146A00632FB4 /* wagon */,
				83B4B785225A14DD00632FB4 /* wagonadmin */,
			);
		};
/* End PBXProject section */

/* Begin PBXResourcesBuildPhase section */
		83B4B76B225A146A00632FB4 /* Resources */ = {
			isa = PBXResourcesBuildPhase;
			buildActionMask = 2147483647;
			files = (
				83B4B77B225A146B00632FB4 /* LaunchScreen.storyboard in Resources */,
				83B4B778225A146B00632FB4 /* Assets.xcassets in Resources */,
				83B4B776225A146A00632FB4 /* Main.storyboard in Resources */,
				83B4B79D225A1A1400632FB4 /* LoginStoryboard.storyboard in Resources */,
			);
			runOnlyForDeploymentPostprocessing = 0;
		};
		83B4B784225A14DD00632FB4 /* Resources */ = {
			isa = PBXResourcesBuildPhase;
			buildActionMask = 2147483647;
			files = (
				83B4B793225A14DD00632FB4 /* LaunchScreen.storyboard in Resources */,
				83B4B799225A154200632FB4 /* Assets.xcassets in Resources */,
				83B4B78E225A14DD00632FB4 /* Main.storyboard in Resources */,
			);
			runOnlyForDeploymentPostprocessing = 0;
		};
/* End PBXResourcesBuildPhase section */

/* Begin PBXSourcesBuildPhase section */
		83B4B769225A146A00632FB4 /* Sources */ = {
			isa = PBXSourcesBuildPhase;
			buildActionMask = 2147483647;
			files = (
				83B4B773225A146A00632FB4 /* ViewController.swift in Sources */,
				83B4B771225A146A00632FB4 /* AppDelegate.swift in Sources */,
			);
			runOnlyForDeploymentPostprocessing = 0;
		};
		83B4B782225A14DD00632FB4 /* Sources */ = {
			isa = PBXSourcesBuildPhase;
			buildActionMask = 2147483647;
			files = (
				83B4B78B225A14DD00632FB4 /* ViewController.swift in Sources */,
				83B4B789225A14DD00632FB4 /* AppDelegate.swift in Sources */,
			);
			runOnlyForDeploymentPostprocessing = 0;
		};
/* End PBXSourcesBuildPhase section */

/* Begin PBXVariantGroup section */
		83B4B774225A146A00632FB4 /* Main.storyboard */ = {
			isa = PBXVariantGroup;
			children = (
				83B4B775225A146A00632FB4 /* Base */,
			);
			name = Main.storyboard;
			sourceTree = "<group>";
		};
		83B4B779225A146B00632FB4 /* LaunchScreen.storyboard */ = {
			isa = PBXVariantGroup;
			children = (
				83B4B77A225A146B00632FB4 /* Base */,
			);
			name = LaunchScreen.storyboard;
			sourceTree = "<group>";
		};
		83B4B78C225A14DD00632FB4 /* Main.storyboard */ = {
			isa = PBXVariantGroup;
			children = (
				83B4B78D225A14DD00632FB4 /* Base */,
			);
			name = Main.storyboard;
			sourceTree = "<group>";
		};
		83B4B791225A14DD00632FB4 /* LaunchScreen.storyboard */ = {
			isa = PBXVariantGroup;
			children = (
				83B4B792225A14DD00632FB4 /* Base */,
			);
			name = LaunchScreen.storyboard;
			sourceTree = "<group>";
		};
/* End PBXVariantGroup section */

/* Begin XCBuildConfiguration section */
		83B4B77D225A146B00632FB4 /* Debug */ = {
			isa = XCBuildConfiguration;
			buildSettings = {
				ALWAYS_SEARCH_USER_PATHS = NO;
				CLANG_ANALYZER_NONNULL = YES;
				CLANG_ANALYZER_NUMBER_OBJECT_CONVERSION = YES_AGGRESSIVE;
				CLANG_CXX_LANGUAGE_STANDARD = "gnu++14";
				CLANG_CXX_LIBRARY = "libc++";
				CLANG_ENABLE_MODULES = YES;
				CLANG_ENABLE_OBJC_ARC = YES;
				CLANG_ENABLE_OBJC_WEAK = YES;
				CLANG_WARN_BLOCK_CAPTURE_AUTORELEASING = YES;
				CLANG_WARN_BOOL_CONVERSION = YES;
				CLANG_WARN_COMMA = YES;
				CLANG_WARN_CONSTANT_CONVERSION = YES;
				CLANG_WARN_DEPRECATED_OBJC_IMPLEMENTATIONS = YES;
				CLANG_WARN_DIRECT_OBJC_ISA_USAGE = YES_ERROR;
				CLANG_WARN_DOCUMENTATION_COMMENTS = YES;
				CLANG_WARN_EMPTY_BODY = YES;
				CLANG_WARN_ENUM_CONVERSION = YES;
				CLANG_WARN_INFINITE_RECURSION = YES;
				CLANG_WARN_INT_CONVERSION = YES;
				CLANG_WARN_NON_LITERAL_NULL_CONVERSION = YES;
				CLANG_WARN_OBJC_IMPLICIT_RETAIN_SELF = YES;
				CLANG_WARN_OBJC_LITERAL_CONVERSION = YES;
				CLANG_WARN_OBJC_ROOT_CLASS = YES_ERROR;
				CLANG_WARN_RANGE_LOOP_ANALYSIS = YES;
				CLANG_WARN_STRICT_PROTOTYPES = YES;
				CLANG_WARN_SUSPICIOUS_MOVE = YES;
				CLANG_WARN_UNGUARDED_AVAILABILITY = YES_AGGRESSIVE;
				CLANG_WARN_UNREACHABLE_CODE = YES;
				CLANG_WARN__DUPLICATE_METHOD_MATCH = YES;
				CODE_SIGN_IDENTITY = "iPhone Developer";
				COPY_PHASE_STRIP = NO;
				DEBUG_INFORMATION_FORMAT = dwarf;
				ENABLE_STRICT_OBJC_MSGSEND = YES;
				ENABLE_TESTABILITY = YES;
				GCC_C_LANGUAGE_STANDARD = gnu11;
				GCC_DYNAMIC_NO_PIC = NO;
				GCC_NO_COMMON_BLOCKS = YES;
				GCC_OPTIMIZATION_LEVEL = 0;
				GCC_PREPROCESSOR_DEFINITIONS = (
					"DEBUG=1",
					"$(inherited)",
				);
				GCC_WARN_64_TO_32_BIT_CONVERSION = YES;
				GCC_WARN_ABOUT_RETURN_TYPE = YES_ERROR;
				GCC_WARN_UNDECLARED_SELECTOR = YES;
				GCC_WARN_UNINITIALIZED_AUTOS = YES_AGGRESSIVE;
				GCC_WARN_UNUSED_FUNCTION = YES;
				GCC_WARN_UNUSED_VARIABLE = YES;
				IPHONEOS_DEPLOYMENT_TARGET = 12.2;
				MTL_ENABLE_DEBUG_INFO = INCLUDE_SOURCE;
				MTL_FAST_MATH = YES;
				ONLY_ACTIVE_ARCH = YES;
				SDKROOT = iphoneos;
				SWIFT_ACTIVE_COMPILATION_CONDITIONS = DEBUG;
				SWIFT_OPTIMIZATION_LEVEL = "-Onone";
			};
			name = Debug;
		};
		83B4B77E225A146B00632FB4 /* Release */ = {
			isa = XCBuildConfiguration;
			buildSettings = {
				ALWAYS_SEARCH_USER_PATHS = NO;
				CLANG_ANALYZER_NONNULL = YES;
				CLANG_ANALYZER_NUMBER_OBJECT_CONVERSION = YES_AGGRESSIVE;
				CLANG_CXX_LANGUAGE_STANDARD = "gnu++14";
				CLANG_CXX_LIBRARY = "libc++";
				CLANG_ENABLE_MODULES = YES;
				CLANG_ENABLE_OBJC_ARC = YES;
				CLANG_ENABLE_OBJC_WEAK = YES;
				CLANG_WARN_BLOCK_CAPTURE_AUTORELEASING = YES;
				CLANG_WARN_BOOL_CONVERSION = YES;
				CLANG_WARN_COMMA = YES;
				CLANG_WARN_CONSTANT_CONVERSION = YES;
				CLANG_WARN_DEPRECATED_OBJC_IMPLEMENTATIONS = YES;
				CLANG_WARN_DIRECT_OBJC_ISA_USAGE = YES_ERROR;
				CLANG_WARN_DOCUMENTATION_COMMENTS = YES;
				CLANG_WARN_EMPTY_BODY = YES;
				CLANG_WARN_ENUM_CONVERSION = YES;
				CLANG_WARN_INFINITE_RECURSION = YES;
				CLANG_WARN_INT_CONVERSION = YES;
				CLANG_WARN_NON_LITERAL_NULL_CONVERSION = YES;
				CLANG_WARN_OBJC_IMPLICIT_RETAIN_SELF = YES;
				CLANG_WARN_OBJC_LITERAL_CONVERSION = YES;
				CLANG_WARN_OBJC_ROOT_CLASS = YES_ERROR;
				CLANG_WARN_RANGE_LOOP_ANALYSIS = YES;
				CLANG_WARN_STRICT_PROTOTYPES = YES;
				CLANG_WARN_SUSPICIOUS_MOVE = YES;
				CLANG_WARN_UNGUARDED_AVAILABILITY = YES_AGGRESSIVE;
				CLANG_WARN_UNREACHABLE_CODE = YES;
				CLANG_WARN__DUPLICATE_METHOD_MATCH = YES;
				CODE_SIGN_IDENTITY = "iPhone Developer";
				COPY_PHASE_STRIP = NO;
				DEBUG_INFORMATION_FORMAT = "dwarf-with-dsym";
				ENABLE_NS_ASSERTIONS = NO;
				ENABLE_STRICT_OBJC_MSGSEND = YES;
				GCC_C_LANGUAGE_STANDARD = gnu11;
				GCC_NO_COMMON_BLOCKS = YES;
				GCC_WARN_64_TO_32_BIT_CONVERSION = YES;
				GCC_WARN_ABOUT_RETURN_TYPE = YES_ERROR;
				GCC_WARN_UNDECLARED_SELECTOR = YES;
				GCC_WARN_UNINITIALIZED_AUTOS = YES_AGGRESSIVE;
				GCC_WARN_UNUSED_FUNCTION = YES;
				GCC_WARN_UNUSED_VARIABLE = YES;
				IPHONEOS_DEPLOYMENT_TARGET = 12.2;
				MTL_ENABLE_DEBUG_INFO = NO;
				MTL_FAST_MATH = YES;
				SDKROOT = iphoneos;
				SWIFT_COMPILATION_MODE = wholemodule;
				SWIFT_OPTIMIZATION_LEVEL = "-O";
				VALIDATE_PRODUCT = YES;
			};
			name = Release;
		};
		83B4B780225A146B00632FB4 /* Debug */ = {
			isa = XCBuildConfiguration;
			buildSettings = {
				ASSETCATALOG_COMPILER_APPICON_NAME = AppIcon;
				CODE_SIGN_STYLE = Automatic;
				DEVELOPMENT_TEAM = 384TS3V9HP;
				INFOPLIST_FILE = wagon/Info.plist;
				LD_RUNPATH_SEARCH_PATHS = (
					"$(inherited)",
					"@executable_path/Frameworks",
				);
				PRODUCT_BUNDLE_IDENTIFIER = dan.wagon;
				PRODUCT_NAME = "$(TARGET_NAME)";
				SWIFT_VERSION = 5.0;
				TARGETED_DEVICE_FAMILY = "1,2";
			};
			name = Debug;
		};
		83B4B781225A146B00632FB4 /* Release */ = {
			isa = XCBuildConfiguration;
			buildSettings = {
				ASSETCATALOG_COMPILER_APPICON_NAME = AppIcon;
				CODE_SIGN_STYLE = Automatic;
				DEVELOPMENT_TEAM = 384TS3V9HP;
				INFOPLIST_FILE = wagon/Info.plist;
				LD_RUNPATH_SEARCH_PATHS = (
					"$(inherited)",
					"@executable_path/Frameworks",
				);
				PRODUCT_BUNDLE_IDENTIFIER = dan.wagon;
				PRODUCT_NAME = "$(TARGET_NAME)";
				SWIFT_VERSION = 5.0;
				TARGETED_DEVICE_FAMILY = "1,2";
			};
			name = Release;
		};
		83B4B796225A14DD00632FB4 /* Debug */ = {
			isa = XCBuildConfiguration;
			buildSettings = {
				ASSETCATALOG_COMPILER_APPICON_NAME = AppIcon;
				CODE_SIGN_STYLE = Automatic;
				DEVELOPMENT_TEAM = 384TS3V9HP;
				INFOPLIST_FILE = wagonadmin/Info.plist;
				LD_RUNPATH_SEARCH_PATHS = (
					"$(inherited)",
					"@executable_path/Frameworks",
				);
				PRODUCT_BUNDLE_IDENTIFIER = dan.wagonadmin;
				PRODUCT_NAME = "$(TARGET_NAME)";
				SWIFT_VERSION = 5.0;
				TARGETED_DEVICE_FAMILY = "1,2";
			};
			name = Debug;
		};
		83B4B797225A14DD00632FB4 /* Release */ = {
			isa = XCBuildConfiguration;
			buildSettings = {
				ASSETCATALOG_COMPILER_APPICON_NAME = AppIcon;
				CODE_SIGN_STYLE = Automatic;
				DEVELOPMENT_TEAM = 384TS3V9HP;
				INFOPLIST_FILE = wagonadmin/Info.plist;
				LD_RUNPATH_SEARCH_PATHS = (
					"$(inherited)",
					"@executable_path/Frameworks",
				);
				PRODUCT_BUNDLE_IDENTIFIER = dan.wagonadmin;
				PRODUCT_NAME = "$(TARGET_NAME)";
				SWIFT_VERSION = 5.0;
				TARGETED_DEVICE_FAMILY = "1,2";
			};
			name = Release;
		};
/* End XCBuildConfiguration section */

/* Begin XCConfigurationList section */
		83B4B768225A146A00632FB4 /* Build configuration list for PBXProject "wagon" */ = {
			isa = XCConfigurationList;
			buildConfigurations = (
				83B4B77D225A146B00632FB4 /* Debug */,
				83B4B77E225A146B00632FB4 /* Release */,
			);
			defaultConfigurationIsVisible = 0;
			defaultConfigurationName = Release;
		};
		83B4B77F225A146B00632FB4 /* Build configuration list for PBXNativeTarget "wagon" */ = {
			isa = XCConfigurationList;
			buildConfigurations = (
				83B4B780225A146B00632FB4 /* Debug */,
				83B4B781225A146B00632FB4 /* Release */,
			);
			defaultConfigurationIsVisible = 0;
			defaultConfigurationName = Release;
		};
		83B4B795225A14DD00632FB4 /* Build configuration list for PBXNativeTarget "wagonadmin" */ = {
			isa = XCConfigurationList;
			buildConfigurations = (
				83B4B796225A14DD00632FB4 /* Debug */,
				83B4B797225A14DD00632FB4 /* Release */,
			);
			defaultConfigurationIsVisible = 0;
			defaultConfigurationName = Release;
		};
/* End XCConfigurationList section */
	};
	rootObject = 83B4B765225A146A00632FB4 /* Project object */;
}
