// !$*UTF8*$!
{
	archiveVersion = 1;
	classes = {
	};
	objectVersion = 50;
	objects = {

/* Begin PBXBuildFile section */
		8304F05422703F7800C9B368 /* ForgotPasswordVC.swift in Sources */ = {isa = PBXBuildFile; fileRef = 8304F05222703F7800C9B368 /* ForgotPasswordVC.swift */; };
		8304F05522703F7800C9B368 /* ForgotPasswordVC.xib in Resources */ = {isa = PBXBuildFile; fileRef = 8304F05322703F7800C9B368 /* ForgotPasswordVC.xib */; };
		8304F0572271B45B00C9B368 /* FirebaseUtils.swift in Sources */ = {isa = PBXBuildFile; fileRef = 8304F0562271B45B00C9B368 /* FirebaseUtils.swift */; };
		8304F0582271B52B00C9B368 /* FirebaseUtils.swift in Sources */ = {isa = PBXBuildFile; fileRef = 8304F0562271B45B00C9B368 /* FirebaseUtils.swift */; };
		8304F05A2275012A00C9B368 /* Category.swift in Sources */ = {isa = PBXBuildFile; fileRef = 8304F0592275012A00C9B368 /* Category.swift */; };
		8304F05B2275012A00C9B368 /* Category.swift in Sources */ = {isa = PBXBuildFile; fileRef = 8304F0592275012A00C9B368 /* Category.swift */; };
		8304F05E2275027200C9B368 /* CategoryCell.swift in Sources */ = {isa = PBXBuildFile; fileRef = 8304F05C2275027200C9B368 /* CategoryCell.swift */; };
		8304F05F2275027200C9B368 /* CategoryCell.swift in Sources */ = {isa = PBXBuildFile; fileRef = 8304F05C2275027200C9B368 /* CategoryCell.swift */; };
		8304F0602275027200C9B368 /* CategoryCell.xib in Resources */ = {isa = PBXBuildFile; fileRef = 8304F05D2275027200C9B368 /* CategoryCell.xib */; };
		8304F0612275027200C9B368 /* CategoryCell.xib in Resources */ = {isa = PBXBuildFile; fileRef = 8304F05D2275027200C9B368 /* CategoryCell.xib */; };
		839CB15E2265E0D300C17E2B /* Constants.swift in Sources */ = {isa = PBXBuildFile; fileRef = 839CB15D2265E0D300C17E2B /* Constants.swift */; };
		839CB1612266235900C17E2B /* RoundedViews.swift in Sources */ = {isa = PBXBuildFile; fileRef = 839CB1602266235900C17E2B /* RoundedViews.swift */; };
		83AEEEA5225F7F8300AD09BC /* GoogleService-Info.plist in Resources */ = {isa = PBXBuildFile; fileRef = 83AEEEA4225F7F8300AD09BC /* GoogleService-Info.plist */; };
		83AEEEA7225F837B00AD09BC /* GoogleService-Info.plist in Resources */ = {isa = PBXBuildFile; fileRef = 83AEEEA6225F837B00AD09BC /* GoogleService-Info.plist */; };
		83AEEEB1225F959200AD09BC /* RegisterVC.swift in Sources */ = {isa = PBXBuildFile; fileRef = 83AEEEB0225F959200AD09BC /* RegisterVC.swift */; };
		83AEEEB3225F95A400AD09BC /* LoginVC.swift in Sources */ = {isa = PBXBuildFile; fileRef = 83AEEEB2225F95A400AD09BC /* LoginVC.swift */; };
		83AEEEB62263807D00AD09BC /* Extensions.swift in Sources */ = {isa = PBXBuildFile; fileRef = 83AEEEB52263807D00AD09BC /* Extensions.swift */; };
		83B4B771225A146A00632FB4 /* AppDelegate.swift in Sources */ = {isa = PBXBuildFile; fileRef = 83B4B770225A146A00632FB4 /* AppDelegate.swift */; };
		83B4B773225A146A00632FB4 /* HomeVC.swift in Sources */ = {isa = PBXBuildFile; fileRef = 83B4B772225A146A00632FB4 /* HomeVC.swift */; };
		83B4B776225A146A00632FB4 /* Main.storyboard in Resources */ = {isa = PBXBuildFile; fileRef = 83B4B774225A146A00632FB4 /* Main.storyboard */; };
		83B4B778225A146B00632FB4 /* Assets.xcassets in Resources */ = {isa = PBXBuildFile; fileRef = 83B4B777225A146B00632FB4 /* Assets.xcassets */; };
		83B4B77B225A146B00632FB4 /* LaunchScreen.storyboard in Resources */ = {isa = PBXBuildFile; fileRef = 83B4B779225A146B00632FB4 /* LaunchScreen.storyboard */; };
		83B4B789225A14DD00632FB4 /* AppDelegate.swift in Sources */ = {isa = PBXBuildFile; fileRef = 83B4B788225A14DD00632FB4 /* AppDelegate.swift */; };
		83B4B78B225A14DD00632FB4 /* ViewController.swift in Sources */ = {isa = PBXBuildFile; fileRef = 83B4B78A225A14DD00632FB4 /* ViewController.swift */; };
		83B4B78E225A14DD00632FB4 /* Main.storyboard in Resources */ = {isa = PBXBuildFile; fileRef = 83B4B78C225A14DD00632FB4 /* Main.storyboard */; };
		83B4B793225A14DD00632FB4 /* LaunchScreen.storyboard in Resources */ = {isa = PBXBuildFile; fileRef = 83B4B791225A14DD00632FB4 /* LaunchScreen.storyboard */; };
		83B4B799225A154200632FB4 /* Assets.xcassets in Resources */ = {isa = PBXBuildFile; fileRef = 83B4B777225A146B00632FB4 /* Assets.xcassets */; };
		83B4B79D225A1A1400632FB4 /* LoginStoryboard.storyboard in Resources */ = {isa = PBXBuildFile; fileRef = 83B4B79C225A1A1400632FB4 /* LoginStoryboard.storyboard */; };
		83EE4BA4227BAC0100904DD7 /* ProductsVC.swift in Sources */ = {isa = PBXBuildFile; fileRef = 83EE4BA3227BAC0100904DD7 /* ProductsVC.swift */; };
		83EE4BA5227BAC0E00904DD7 /* ProductsVC.swift in Sources */ = {isa = PBXBuildFile; fileRef = 83EE4BA3227BAC0100904DD7 /* ProductsVC.swift */; };
		83EE4BA7227BACAD00904DD7 /* Product.swift in Sources */ = {isa = PBXBuildFile; fileRef = 83EE4BA6227BACAD00904DD7 /* Product.swift */; };
		83EE4BA8227BACAD00904DD7 /* Product.swift in Sources */ = {isa = PBXBuildFile; fileRef = 83EE4BA6227BACAD00904DD7 /* Product.swift */; };
		83EE4BAE227BAE0A00904DD7 /* ProductCell.swift in Sources */ = {isa = PBXBuildFile; fileRef = 83EE4BAC227BAE0A00904DD7 /* ProductCell.swift */; };
		83EE4BAF227BAE0A00904DD7 /* ProductCell.swift in Sources */ = {isa = PBXBuildFile; fileRef = 83EE4BAC227BAE0A00904DD7 /* ProductCell.swift */; };
		83EE4BB0227BAE0A00904DD7 /* ProductCell.xib in Resources */ = {isa = PBXBuildFile; fileRef = 83EE4BAD227BAE0A00904DD7 /* ProductCell.xib */; };
		83EE4BB1227BAE0A00904DD7 /* ProductCell.xib in Resources */ = {isa = PBXBuildFile; fileRef = 83EE4BAD227BAE0A00904DD7 /* ProductCell.xib */; };
		83EE4BB42281FA4900904DD7 /* ProductDetailVCViewController.swift in Sources */ = {isa = PBXBuildFile; fileRef = 83EE4BB22281FA4900904DD7 /* ProductDetailVCViewController.swift */; };
		83EE4BB52281FA4900904DD7 /* ProductDetailVCViewController.xib in Resources */ = {isa = PBXBuildFile; fileRef = 83EE4BB32281FA4900904DD7 /* ProductDetailVCViewController.xib */; };
		8DB3B09AB887142848174E02 /* Pods_wagon.framework in Frameworks */ = {isa = PBXBuildFile; fileRef = BCFD669D3B04D665B1EE1E89 /* Pods_wagon.framework */; };
		BF2EFEFD2729FF822D096FE9 /* Pods_wagonadmin.framework in Frameworks */ = {isa = PBXBuildFile; fileRef = 41EA9B01C7840292F85D981E /* Pods_wagonadmin.framework */; };
/* End PBXBuildFile section */

/* Begin PBXFileReference section */
		28B3698362A2B628A845DFB5 /* Pods-wagon.release.xcconfig */ = {isa = PBXFileReference; includeInIndex = 1; lastKnownFileType = text.xcconfig; name = "Pods-wagon.release.xcconfig"; path = "Pods/Target Support Files/Pods-wagon/Pods-wagon.release.xcconfig"; sourceTree = "<group>"; };
		3C2531441CC0669E507E4E13 /* Pods-wagonadmin.release.xcconfig */ = {isa = PBXFileReference; includeInIndex = 1; lastKnownFileType = text.xcconfig; name = "Pods-wagonadmin.release.xcconfig"; path = "Pods/Target Support Files/Pods-wagonadmin/Pods-wagonadmin.release.xcconfig"; sourceTree = "<group>"; };
		41EA9B01C7840292F85D981E /* Pods_wagonadmin.framework */ = {isa = PBXFileReference; explicitFileType = wrapper.framework; includeInIndex = 0; path = Pods_wagonadmin.framework; sourceTree = BUILT_PRODUCTS_DIR; };
		8304F05222703F7800C9B368 /* ForgotPasswordVC.swift */ = {isa = PBXFileReference; lastKnownFileType = sourcecode.swift; path = ForgotPasswordVC.swift; sourceTree = "<group>"; };
		8304F05322703F7800C9B368 /* ForgotPasswordVC.xib */ = {isa = PBXFileReference; lastKnownFileType = file.xib; path = ForgotPasswordVC.xib; sourceTree = "<group>"; };
		8304F0562271B45B00C9B368 /* FirebaseUtils.swift */ = {isa = PBXFileReference; lastKnownFileType = sourcecode.swift; path = FirebaseUtils.swift; sourceTree = "<group>"; };
		8304F0592275012A00C9B368 /* Category.swift */ = {isa = PBXFileReference; lastKnownFileType = sourcecode.swift; path = Category.swift; sourceTree = "<group>"; };
		8304F05C2275027200C9B368 /* CategoryCell.swift */ = {isa = PBXFileReference; lastKnownFileType = sourcecode.swift; path = CategoryCell.swift; sourceTree = "<group>"; };
		8304F05D2275027200C9B368 /* CategoryCell.xib */ = {isa = PBXFileReference; lastKnownFileType = file.xib; path = CategoryCell.xib; sourceTree = "<group>"; };
		839CB15D2265E0D300C17E2B /* Constants.swift */ = {isa = PBXFileReference; lastKnownFileType = sourcecode.swift; path = Constants.swift; sourceTree = "<group>"; };
		839CB1602266235900C17E2B /* RoundedViews.swift */ = {isa = PBXFileReference; lastKnownFileType = sourcecode.swift; path = RoundedViews.swift; sourceTree = "<group>"; };
		83AEEEA4225F7F8300AD09BC /* GoogleService-Info.plist */ = {isa = PBXFileReference; fileEncoding = 4; lastKnownFileType = text.plist.xml; path = "GoogleService-Info.plist"; sourceTree = "<group>"; };
		83AEEEA6225F837B00AD09BC /* GoogleService-Info.plist */ = {isa = PBXFileReference; fileEncoding = 4; lastKnownFileType = text.plist.xml; path = "GoogleService-Info.plist"; sourceTree = "<group>"; };
		83AEEEB0225F959200AD09BC /* RegisterVC.swift */ = {isa = PBXFileReference; lastKnownFileType = sourcecode.swift; path = RegisterVC.swift; sourceTree = "<group>"; };
		83AEEEB2225F95A400AD09BC /* LoginVC.swift */ = {isa = PBXFileReference; lastKnownFileType = sourcecode.swift; path = LoginVC.swift; sourceTree = "<group>"; };
		83AEEEB52263807D00AD09BC /* Extensions.swift */ = {isa = PBXFileReference; lastKnownFileType = sourcecode.swift; path = Extensions.swift; sourceTree = "<group>"; };
		83B4B76D225A146A00632FB4 /* wagon.app */ = {isa = PBXFileReference; explicitFileType = wrapper.application; includeInIndex = 0; path = wagon.app; sourceTree = BUILT_PRODUCTS_DIR; };
		83B4B770225A146A00632FB4 /* AppDelegate.swift */ = {isa = PBXFileReference; lastKnownFileType = sourcecode.swift; path = AppDelegate.swift; sourceTree = "<group>"; };
		83B4B772225A146A00632FB4 /* HomeVC.swift */ = {isa = PBXFileReference; lastKnownFileType = sourcecode.swift; path = HomeVC.swift; sourceTree = "<group>"; };
		83B4B775225A146A00632FB4 /* Base */ = {isa = PBXFileReference; lastKnownFileType = file.storyboard; name = Base; path = Base.lproj/Main.storyboard; sourceTree = "<group>"; };
		83B4B777225A146B00632FB4 /* Assets.xcassets */ = {isa = PBXFileReference; lastKnownFileType = folder.assetcatalog; path = Assets.xcassets; sourceTree = "<group>"; };
		83B4B77A225A146B00632FB4 /* Base */ = {isa = PBXFileReference; lastKnownFileType = file.storyboard; name = Base; path = Base.lproj/LaunchScreen.storyboard; sourceTree = "<group>"; };
		83B4B77C225A146B00632FB4 /* Info.plist */ = {isa = PBXFileReference; lastKnownFileType = text.plist.xml; path = Info.plist; sourceTree = "<group>"; };
		83B4B786225A14DD00632FB4 /* wagonadmin.app */ = {isa = PBXFileReference; explicitFileType = wrapper.application; includeInIndex = 0; path = wagonadmin.app; sourceTree = BUILT_PRODUCTS_DIR; };
		83B4B788225A14DD00632FB4 /* AppDelegate.swift */ = {isa = PBXFileReference; lastKnownFileType = sourcecode.swift; path = AppDelegate.swift; sourceTree = "<group>"; };
		83B4B78A225A14DD00632FB4 /* ViewController.swift */ = {isa = PBXFileReference; lastKnownFileType = sourcecode.swift; path = ViewController.swift; sourceTree = "<group>"; };
		83B4B78D225A14DD00632FB4 /* Base */ = {isa = PBXFileReference; lastKnownFileType = file.storyboard; name = Base; path = Base.lproj/Main.storyboard; sourceTree = "<group>"; };
		83B4B792225A14DD00632FB4 /* Base */ = {isa = PBXFileReference; lastKnownFileType = file.storyboard; name = Base; path = Base.lproj/LaunchScreen.storyboard; sourceTree = "<group>"; };
		83B4B794225A14DD00632FB4 /* Info.plist */ = {isa = PBXFileReference; lastKnownFileType = text.plist.xml; path = Info.plist; sourceTree = "<group>"; };
		83B4B79C225A1A1400632FB4 /* LoginStoryboard.storyboard */ = {isa = PBXFileReference; lastKnownFileType = file.storyboard; path = LoginStoryboard.storyboard; sourceTree = "<group>"; };
		83EE4BA3227BAC0100904DD7 /* ProductsVC.swift */ = {isa = PBXFileReference; lastKnownFileType = sourcecode.swift; path = ProductsVC.swift; sourceTree = "<group>"; };
		83EE4BA6227BACAD00904DD7 /* Product.swift */ = {isa = PBXFileReference; lastKnownFileType = sourcecode.swift; path = Product.swift; sourceTree = "<group>"; };
		83EE4BAC227BAE0A00904DD7 /* ProductCell.swift */ = {isa = PBXFileReference; lastKnownFileType = sourcecode.swift; path = ProductCell.swift; sourceTree = "<group>"; };
		83EE4BAD227BAE0A00904DD7 /* ProductCell.xib */ = {isa = PBXFileReference; lastKnownFileType = file.xib; path = ProductCell.xib; sourceTree = "<group>"; };
		83EE4BB22281FA4900904DD7 /* ProductDetailVCViewController.swift */ = {isa = PBXFileReference; lastKnownFileType = sourcecode.swift; path = ProductDetailVCViewController.swift; sourceTree = "<group>"; };
		83EE4BB32281FA4900904DD7 /* ProductDetailVCViewController.xib */ = {isa = PBXFileReference; lastKnownFileType = file.xib; path = ProductDetailVCViewController.xib; sourceTree = "<group>"; };
		A7544E9127438F57F7A7683D /* Pods-wagon.debug.xcconfig */ = {isa = PBXFileReference; includeInIndex = 1; lastKnownFileType = text.xcconfig; name = "Pods-wagon.debug.xcconfig"; path = "Pods/Target Support Files/Pods-wagon/Pods-wagon.debug.xcconfig"; sourceTree = "<group>"; };
		BCFD669D3B04D665B1EE1E89 /* Pods_wagon.framework */ = {isa = PBXFileReference; explicitFileType = wrapper.framework; includeInIndex = 0; path = Pods_wagon.framework; sourceTree = BUILT_PRODUCTS_DIR; };
		C36C6868C696D348626331FF /* Pods-wagonadmin.debug.xcconfig */ = {isa = PBXFileReference; includeInIndex = 1; lastKnownFileType = text.xcconfig; name = "Pods-wagonadmin.debug.xcconfig"; path = "Pods/Target Support Files/Pods-wagonadmin/Pods-wagonadmin.debug.xcconfig"; sourceTree = "<group>"; };
/* End PBXFileReference section */

/* Begin PBXFrameworksBuildPhase section */
		83B4B76A225A146A00632FB4 /* Frameworks */ = {
			isa = PBXFrameworksBuildPhase;
			buildActionMask = 2147483647;
			files = (
				8DB3B09AB887142848174E02 /* Pods_wagon.framework in Frameworks */,
			);
			runOnlyForDeploymentPostprocessing = 0;
		};
		83B4B783225A14DD00632FB4 /* Frameworks */ = {
			isa = PBXFrameworksBuildPhase;
			buildActionMask = 2147483647;
			files = (
				BF2EFEFD2729FF822D096FE9 /* Pods_wagonadmin.framework in Frameworks */,
			);
			runOnlyForDeploymentPostprocessing = 0;
		};
/* End PBXFrameworksBuildPhase section */

/* Begin PBXGroup section */
		70B2EED9E42C6D4C8B60A977 /* Pods */ = {
			isa = PBXGroup;
			children = (
				A7544E9127438F57F7A7683D /* Pods-wagon.debug.xcconfig */,
				28B3698362A2B628A845DFB5 /* Pods-wagon.release.xcconfig */,
				C36C6868C696D348626331FF /* Pods-wagonadmin.debug.xcconfig */,
				3C2531441CC0669E507E4E13 /* Pods-wagonadmin.release.xcconfig */,
			);
			name = Pods;
			sourceTree = "<group>";
		};
		8304F04F22703F1100C9B368 /* XIBs */ = {
			isa = PBXGroup;
			children = (
				8304F05322703F7800C9B368 /* ForgotPasswordVC.xib */,
				83EE4BB32281FA4900904DD7 /* ProductDetailVCViewController.xib */,
			);
			path = XIBs;
			sourceTree = "<group>";
		};
		8304F062227502B600C9B368 /* Xibs */ = {
			isa = PBXGroup;
			children = (
				83EE4BAD227BAE0A00904DD7 /* ProductCell.xib */,
				8304F05D2275027200C9B368 /* CategoryCell.xib */,
			);
			path = Xibs;
			sourceTree = "<group>";
		};
		839CB15F2266233A00C17E2B /* View */ = {
			isa = PBXGroup;
			children = (
				839CB1602266235900C17E2B /* RoundedViews.swift */,
				8304F05C2275027200C9B368 /* CategoryCell.swift */,
				83EE4BAC227BAE0A00904DD7 /* ProductCell.swift */,
			);
			path = View;
			sourceTree = "<group>";
		};
		83AEEEA8225F949700AD09BC /* Controller */ = {
			isa = PBXGroup;
			children = (
				83B4B772225A146A00632FB4 /* HomeVC.swift */,
				83B4B770225A146A00632FB4 /* AppDelegate.swift */,
				83AEEEB0225F959200AD09BC /* RegisterVC.swift */,
				83AEEEB2225F95A400AD09BC /* LoginVC.swift */,
				83EE4BA3227BAC0100904DD7 /* ProductsVC.swift */,
				83EE4BB22281FA4900904DD7 /* ProductDetailVCViewController.swift */,
				8304F05222703F7800C9B368 /* ForgotPasswordVC.swift */,
			);
			path = Controller;
			sourceTree = "<group>";
		};
		83AEEEA9225F949F00AD09BC /* View */ = {
			isa = PBXGroup;
			children = (
			);
			path = View;
			sourceTree = "<group>";
		};
		83AEEEAA225F94A600AD09BC /* Model */ = {
			isa = PBXGroup;
			children = (
				8304F0592275012A00C9B368 /* Category.swift */,
				83EE4BA6227BACAD00904DD7 /* Product.swift */,
			);
			path = Model;
			sourceTree = "<group>";
		};
		83AEEEAB225F94D600AD09BC /* Storyboards */ = {
			isa = PBXGroup;
			children = (
				83B4B79C225A1A1400632FB4 /* LoginStoryboard.storyboard */,
				83B4B774225A146A00632FB4 /* Main.storyboard */,
				83B4B779225A146B00632FB4 /* LaunchScreen.storyboard */,
			);
			path = Storyboards;
			sourceTree = "<group>";
		};
		83AEEEB42263806B00AD09BC /* Utils */ = {
			isa = PBXGroup;
			children = (
				83AEEEB52263807D00AD09BC /* Extensions.swift */,
				839CB15D2265E0D300C17E2B /* Constants.swift */,
				8304F0562271B45B00C9B368 /* FirebaseUtils.swift */,
			);
			path = Utils;
			sourceTree = "<group>";
		};
		83B4B764225A146A00632FB4 = {
			isa = PBXGroup;
			children = (
				83B4B798225A151700632FB4 /* Shared */,
				83B4B76F225A146A00632FB4 /* wagon */,
				83B4B787225A14DD00632FB4 /* wagonadmin */,
				83B4B76E225A146A00632FB4 /* Products */,
				70B2EED9E42C6D4C8B60A977 /* Pods */,
				8E135B15C95F062F0DF43FC4 /* Frameworks */,
			);
			sourceTree = "<group>";
		};
		83B4B76E225A146A00632FB4 /* Products */ = {
			isa = PBXGroup;
			children = (
				83B4B76D225A146A00632FB4 /* wagon.app */,
				83B4B786225A14DD00632FB4 /* wagonadmin.app */,
			);
			name = Products;
			sourceTree = "<group>";
		};
		83B4B76F225A146A00632FB4 /* wagon */ = {
			isa = PBXGroup;
			children = (
				8304F04F22703F1100C9B368 /* XIBs */,
				83AEEEAB225F94D600AD09BC /* Storyboards */,
				83AEEEA9225F949F00AD09BC /* View */,
				83AEEEA8225F949700AD09BC /* Controller */,
				83B4B77C225A146B00632FB4 /* Info.plist */,
				83AEEEA4225F7F8300AD09BC /* GoogleService-Info.plist */,
			);
			path = wagon;
			sourceTree = "<group>";
		};
		83B4B787225A14DD00632FB4 /* wagonadmin */ = {
			isa = PBXGroup;
			children = (
				83B4B788225A14DD00632FB4 /* AppDelegate.swift */,
				83B4B78A225A14DD00632FB4 /* ViewController.swift */,
				83B4B78C225A14DD00632FB4 /* Main.storyboard */,
				83B4B791225A14DD00632FB4 /* LaunchScreen.storyboard */,
				83B4B794225A14DD00632FB4 /* Info.plist */,
				83AEEEA6225F837B00AD09BC /* GoogleService-Info.plist */,
			);
			path = wagonadmin;
			sourceTree = "<group>";
		};
		83B4B798225A151700632FB4 /* Shared */ = {
			isa = PBXGroup;
			children = (
				8304F062227502B600C9B368 /* Xibs */,
				839CB15F2266233A00C17E2B /* View */,
				83AEEEB42263806B00AD09BC /* Utils */,
				83AEEEAA225F94A600AD09BC /* Model */,
				83B4B777225A146B00632FB4 /* Assets.xcassets */,
			);
			path = Shared;
			sourceTree = "<group>";
		};
		8E135B15C95F062F0DF43FC4 /* Frameworks */ = {
			isa = PBXGroup;
			children = (
				BCFD669D3B04D665B1EE1E89 /* Pods_wagon.framework */,
				41EA9B01C7840292F85D981E /* Pods_wagonadmin.framework */,
			);
			name = Frameworks;
			sourceTree = "<group>";
		};
/* End PBXGroup section */

/* Begin PBXNativeTarget section */
		83B4B76C225A146A00632FB4 /* wagon */ = {
			isa = PBXNativeTarget;
			buildConfigurationList = 83B4B77F225A146B00632FB4 /* Build configuration list for PBXNativeTarget "wagon" */;
			buildPhases = (
				D6E280ACBBFA05F87A06BA63 /* [CP] Check Pods Manifest.lock */,
				83B4B769225A146A00632FB4 /* Sources */,
				83B4B76A225A146A00632FB4 /* Frameworks */,
				83B4B76B225A146A00632FB4 /* Resources */,
				0AB3401B3B18F73E56973795 /* [CP] Embed Pods Frameworks */,
			);
			buildRules = (
			);
			dependencies = (
			);
			name = wagon;
			productName = wagon;
			productReference = 83B4B76D225A146A00632FB4 /* wagon.app */;
			productType = "com.apple.product-type.application";
		};
		83B4B785225A14DD00632FB4 /* wagonadmin */ = {
			isa = PBXNativeTarget;
			buildConfigurationList = 83B4B795225A14DD00632FB4 /* Build configuration list for PBXNativeTarget "wagonadmin" */;
			buildPhases = (
				B5897C64BBD1BB38B5EA8BD9 /* [CP] Check Pods Manifest.lock */,
				83B4B782225A14DD00632FB4 /* Sources */,
				83B4B783225A14DD00632FB4 /* Frameworks */,
				83B4B784225A14DD00632FB4 /* Resources */,
				33DA8D732A2A9B1D4B780EFF /* [CP] Embed Pods Frameworks */,
			);
			buildRules = (
			);
			dependencies = (
			);
			name = wagonadmin;
			productName = wagonadmin;
			productReference = 83B4B786225A14DD00632FB4 /* wagonadmin.app */;
			productType = "com.apple.product-type.application";
		};
/* End PBXNativeTarget section */

/* Begin PBXProject section */
		83B4B765225A146A00632FB4 /* Project object */ = {
			isa = PBXProject;
			attributes = {
				LastSwiftUpdateCheck = 1020;
				LastUpgradeCheck = 1020;
				ORGANIZATIONNAME = "Danila Ferents";
				TargetAttributes = {
					83B4B76C225A146A00632FB4 = {
						CreatedOnToolsVersion = 10.2;
					};
					83B4B785225A14DD00632FB4 = {
						CreatedOnToolsVersion = 10.2;
					};
				};
			};
			buildConfigurationList = 83B4B768225A146A00632FB4 /* Build configuration list for PBXProject "wagon" */;
			compatibilityVersion = "Xcode 9.3";
			developmentRegion = en;
			hasScannedForEncodings = 0;
			knownRegions = (
				en,
				Base,
			);
			mainGroup = 83B4B764225A146A00632FB4;
			productRefGroup = 83B4B76E225A146A00632FB4 /* Products */;
			projectDirPath = "";
			projectRoot = "";
			targets = (
				83B4B76C225A146A00632FB4 /* wagon */,
				83B4B785225A14DD00632FB4 /* wagonadmin */,
			);
		};
/* End PBXProject section */

/* Begin PBXResourcesBuildPhase section */
		83B4B76B225A146A00632FB4 /* Resources */ = {
			isa = PBXResourcesBuildPhase;
			buildActionMask = 2147483647;
			files = (
				83B4B77B225A146B00632FB4 /* LaunchScreen.storyboard in Resources */,
				83EE4BB0227BAE0A00904DD7 /* ProductCell.xib in Resources */,
				8304F0602275027200C9B368 /* CategoryCell.xib in Resources */,
				83B4B778225A146B00632FB4 /* Assets.xcassets in Resources */,
				83B4B776225A146A00632FB4 /* Main.storyboard in Resources */,
				83B4B79D225A1A1400632FB4 /* LoginStoryboard.storyboard in Resources */,
				8304F05522703F7800C9B368 /* ForgotPasswordVC.xib in Resources */,
				83EE4BB52281FA4900904DD7 /* ProductDetailVCViewController.xib in Resources */,
				83AEEEA5225F7F8300AD09BC /* GoogleService-Info.plist in Resources */,
			);
			runOnlyForDeploymentPostprocessing = 0;
		};
		83B4B784225A14DD00632FB4 /* Resources */ = {
			isa = PBXResourcesBuildPhase;
			buildActionMask = 2147483647;
			files = (
				8304F0612275027200C9B368 /* CategoryCell.xib in Resources */,
				83B4B793225A14DD00632FB4 /* LaunchScreen.storyboard in Resources */,
				83B4B799225A154200632FB4 /* Assets.xcassets in Resources */,
				83EE4BB1227BAE0A00904DD7 /* ProductCell.xib in Resources */,
				83AEEEA7225F837B00AD09BC /* GoogleService-Info.plist in Resources */,
				83B4B78E225A14DD00632FB4 /* Main.storyboard in Resources */,
			);
			runOnlyForDeploymentPostprocessing = 0;
		};
/* End PBXResourcesBuildPhase section */

/* Begin PBXShellScriptBuildPhase section */
		0AB3401B3B18F73E56973795 /* [CP] Embed Pods Frameworks */ = {
			isa = PBXShellScriptBuildPhase;
			buildActionMask = 2147483647;
			files = (
			);
			inputPaths = (
				"${PODS_ROOT}/Target Support Files/Pods-wagon/Pods-wagon-frameworks.sh",
				"${BUILT_PRODUCTS_DIR}/Alamofire/Alamofire.framework",
				"${BUILT_PRODUCTS_DIR}/BoringSSL-GRPC/openssl_grpc.framework",
				"${BUILT_PRODUCTS_DIR}/CodableFirebase/CodableFirebase.framework",
				"${BUILT_PRODUCTS_DIR}/GTMSessionFetcher/GTMSessionFetcher.framework",
				"${BUILT_PRODUCTS_DIR}/GoogleUtilities/GoogleUtilities.framework",
				"${BUILT_PRODUCTS_DIR}/IQKeyboardManagerSwift/IQKeyboardManagerSwift.framework",
				"${BUILT_PRODUCTS_DIR}/Kingfisher/Kingfisher.framework",
				"${BUILT_PRODUCTS_DIR}/Protobuf/Protobuf.framework",
				"${BUILT_PRODUCTS_DIR}/Stripe/Stripe.framework",
				"${BUILT_PRODUCTS_DIR}/gRPC-C++/grpcpp.framework",
				"${BUILT_PRODUCTS_DIR}/gRPC-Core/grpc.framework",
				"${BUILT_PRODUCTS_DIR}/leveldb-library/leveldb.framework",
				"${BUILT_PRODUCTS_DIR}/nanopb/nanopb.framework",
			);
			name = "[CP] Embed Pods Frameworks";
			outputPaths = (
				"${TARGET_BUILD_DIR}/${FRAMEWORKS_FOLDER_PATH}/Alamofire.framework",
				"${TARGET_BUILD_DIR}/${FRAMEWORKS_FOLDER_PATH}/openssl_grpc.framework",
				"${TARGET_BUILD_DIR}/${FRAMEWORKS_FOLDER_PATH}/CodableFirebase.framework",
				"${TARGET_BUILD_DIR}/${FRAMEWORKS_FOLDER_PATH}/GTMSessionFetcher.framework",
				"${TARGET_BUILD_DIR}/${FRAMEWORKS_FOLDER_PATH}/GoogleUtilities.framework",
				"${TARGET_BUILD_DIR}/${FRAMEWORKS_FOLDER_PATH}/IQKeyboardManagerSwift.framework",
				"${TARGET_BUILD_DIR}/${FRAMEWORKS_FOLDER_PATH}/Kingfisher.framework",
				"${TARGET_BUILD_DIR}/${FRAMEWORKS_FOLDER_PATH}/Protobuf.framework",
				"${TARGET_BUILD_DIR}/${FRAMEWORKS_FOLDER_PATH}/Stripe.framework",
				"${TARGET_BUILD_DIR}/${FRAMEWORKS_FOLDER_PATH}/grpcpp.framework",
				"${TARGET_BUILD_DIR}/${FRAMEWORKS_FOLDER_PATH}/grpc.framework",
				"${TARGET_BUILD_DIR}/${FRAMEWORKS_FOLDER_PATH}/leveldb.framework",
				"${TARGET_BUILD_DIR}/${FRAMEWORKS_FOLDER_PATH}/nanopb.framework",
			);
			runOnlyForDeploymentPostprocessing = 0;
			shellPath = /bin/sh;
			shellScript = "\"${PODS_ROOT}/Target Support Files/Pods-wagon/Pods-wagon-frameworks.sh\"\n";
			showEnvVarsInLog = 0;
		};
		33DA8D732A2A9B1D4B780EFF /* [CP] Embed Pods Frameworks */ = {
			isa = PBXShellScriptBuildPhase;
			buildActionMask = 2147483647;
			files = (
			);
			inputPaths = (
				"${PODS_ROOT}/Target Support Files/Pods-wagonadmin/Pods-wagonadmin-frameworks.sh",
				"${BUILT_PRODUCTS_DIR}/BoringSSL-GRPC/openssl_grpc.framework",
				"${BUILT_PRODUCTS_DIR}/CodableFirebase/CodableFirebase.framework",
				"${BUILT_PRODUCTS_DIR}/GTMSessionFetcher/GTMSessionFetcher.framework",
				"${BUILT_PRODUCTS_DIR}/GoogleUtilities/GoogleUtilities.framework",
				"${BUILT_PRODUCTS_DIR}/IQKeyboardManagerSwift/IQKeyboardManagerSwift.framework",
				"${BUILT_PRODUCTS_DIR}/Kingfisher/Kingfisher.framework",
				"${BUILT_PRODUCTS_DIR}/Protobuf/Protobuf.framework",
				"${BUILT_PRODUCTS_DIR}/gRPC-C++/grpcpp.framework",
				"${BUILT_PRODUCTS_DIR}/gRPC-Core/grpc.framework",
				"${BUILT_PRODUCTS_DIR}/leveldb-library/leveldb.framework",
				"${BUILT_PRODUCTS_DIR}/nanopb/nanopb.framework",
			);
			name = "[CP] Embed Pods Frameworks";
			outputPaths = (
				"${TARGET_BUILD_DIR}/${FRAMEWORKS_FOLDER_PATH}/openssl_grpc.framework",
				"${TARGET_BUILD_DIR}/${FRAMEWORKS_FOLDER_PATH}/CodableFirebase.framework",
				"${TARGET_BUILD_DIR}/${FRAMEWORKS_FOLDER_PATH}/GTMSessionFetcher.framework",
				"${TARGET_BUILD_DIR}/${FRAMEWORKS_FOLDER_PATH}/GoogleUtilities.framework",
				"${TARGET_BUILD_DIR}/${FRAMEWORKS_FOLDER_PATH}/IQKeyboardManagerSwift.framework",
				"${TARGET_BUILD_DIR}/${FRAMEWORKS_FOLDER_PATH}/Kingfisher.framework",
				"${TARGET_BUILD_DIR}/${FRAMEWORKS_FOLDER_PATH}/Protobuf.framework",
				"${TARGET_BUILD_DIR}/${FRAMEWORKS_FOLDER_PATH}/grpcpp.framework",
				"${TARGET_BUILD_DIR}/${FRAMEWORKS_FOLDER_PATH}/grpc.framework",
				"${TARGET_BUILD_DIR}/${FRAMEWORKS_FOLDER_PATH}/leveldb.framework",
				"${TARGET_BUILD_DIR}/${FRAMEWORKS_FOLDER_PATH}/nanopb.framework",
			);
			runOnlyForDeploymentPostprocessing = 0;
			shellPath = /bin/sh;
			shellScript = "\"${PODS_ROOT}/Target Support Files/Pods-wagonadmin/Pods-wagonadmin-frameworks.sh\"\n";
			showEnvVarsInLog = 0;
		};
		B5897C64BBD1BB38B5EA8BD9 /* [CP] Check Pods Manifest.lock */ = {
			isa = PBXShellScriptBuildPhase;
			buildActionMask = 2147483647;
			files = (
			);
			inputPaths = (
				"${PODS_PODFILE_DIR_PATH}/Podfile.lock",
				"${PODS_ROOT}/Manifest.lock",
			);
			name = "[CP] Check Pods Manifest.lock";
			outputPaths = (
				"$(DERIVED_FILE_DIR)/Pods-wagonadmin-checkManifestLockResult.txt",
			);
			runOnlyForDeploymentPostprocessing = 0;
			shellPath = /bin/sh;
			shellScript = "diff \"${PODS_PODFILE_DIR_PATH}/Podfile.lock\" \"${PODS_ROOT}/Manifest.lock\" > /dev/null\nif [ $? != 0 ] ; then\n    # print error to STDERR\n    echo \"error: The sandbox is not in sync with the Podfile.lock. Run 'pod install' or update your CocoaPods installation.\" >&2\n    exit 1\nfi\n# This output is used by Xcode 'outputs' to avoid re-running this script phase.\necho \"SUCCESS\" > \"${SCRIPT_OUTPUT_FILE_0}\"\n";
			showEnvVarsInLog = 0;
		};
		D6E280ACBBFA05F87A06BA63 /* [CP] Check Pods Manifest.lock */ = {
			isa = PBXShellScriptBuildPhase;
			buildActionMask = 2147483647;
			files = (
			);
			inputPaths = (
				"${PODS_PODFILE_DIR_PATH}/Podfile.lock",
				"${PODS_ROOT}/Manifest.lock",
			);
			name = "[CP] Check Pods Manifest.lock";
			outputPaths = (
				"$(DERIVED_FILE_DIR)/Pods-wagon-checkManifestLockResult.txt",
			);
			runOnlyForDeploymentPostprocessing = 0;
			shellPath = /bin/sh;
			shellScript = "diff \"${PODS_PODFILE_DIR_PATH}/Podfile.lock\" \"${PODS_ROOT}/Manifest.lock\" > /dev/null\nif [ $? != 0 ] ; then\n    # print error to STDERR\n    echo \"error: The sandbox is not in sync with the Podfile.lock. Run 'pod install' or update your CocoaPods installation.\" >&2\n    exit 1\nfi\n# This output is used by Xcode 'outputs' to avoid re-running this script phase.\necho \"SUCCESS\" > \"${SCRIPT_OUTPUT_FILE_0}\"\n";
			showEnvVarsInLog = 0;
		};
/* End PBXShellScriptBuildPhase section */

/* Begin PBXSourcesBuildPhase section */
		83B4B769225A146A00632FB4 /* Sources */ = {
			isa = PBXSourcesBuildPhase;
			buildActionMask = 2147483647;
			files = (
				83EE4BA7227BACAD00904DD7 /* Product.swift in Sources */,
				8304F0572271B45B00C9B368 /* FirebaseUtils.swift in Sources */,
				83EE4BA4227BAC0100904DD7 /* ProductsVC.swift in Sources */,
				8304F05A2275012A00C9B368 /* Category.swift in Sources */,
				83EE4BB42281FA4900904DD7 /* ProductDetailVCViewController.swift in Sources */,
				83AEEEB62263807D00AD09BC /* Extensions.swift in Sources */,
				83EE4BAE227BAE0A00904DD7 /* ProductCell.swift in Sources */,
				83AEEEB1225F959200AD09BC /* RegisterVC.swift in Sources */,
				83B4B773225A146A00632FB4 /* HomeVC.swift in Sources */,
				83AEEEB3225F95A400AD09BC /* LoginVC.swift in Sources */,
				839CB1612266235900C17E2B /* RoundedViews.swift in Sources */,
				83B4B771225A146A00632FB4 /* AppDelegate.swift in Sources */,
				8304F05422703F7800C9B368 /* ForgotPasswordVC.swift in Sources */,
				839CB15E2265E0D300C17E2B /* Constants.swift in Sources */,
				8304F05E2275027200C9B368 /* CategoryCell.swift in Sources */,
			);
			runOnlyForDeploymentPostprocessing = 0;
		};
		83B4B782225A14DD00632FB4 /* Sources */ = {
			isa = PBXSourcesBuildPhase;
			buildActionMask = 2147483647;
			files = (
				8304F0582271B52B00C9B368 /* FirebaseUtils.swift in Sources */,
				83EE4BA5227BAC0E00904DD7 /* ProductsVC.swift in Sources */,
				83B4B78B225A14DD00632FB4 /* ViewController.swift in Sources */,
				83B4B789225A14DD00632FB4 /* AppDelegate.swift in Sources */,
				8304F05B2275012A00C9B368 /* Category.swift in Sources */,
				83EE4BAF227BAE0A00904DD7 /* ProductCell.swift in Sources */,
				8304F05F2275027200C9B368 /* CategoryCell.swift in Sources */,
				83EE4BA8227BACAD00904DD7 /* Product.swift in Sources */,
			);
			runOnlyForDeploymentPostprocessing = 0;
		};
/* End PBXSourcesBuildPhase section */

/* Begin PBXVariantGroup section */
		83B4B774225A146A00632FB4 /* Main.storyboard */ = {
			isa = PBXVariantGroup;
			children = (
				83B4B775225A146A00632FB4 /* Base */,
			);
			name = Main.storyboard;
			sourceTree = "<group>";
		};
		83B4B779225A146B00632FB4 /* LaunchScreen.storyboard */ = {
			isa = PBXVariantGroup;
			children = (
				83B4B77A225A146B00632FB4 /* Base */,
			);
			name = LaunchScreen.storyboard;
			sourceTree = "<group>";
		};
		83B4B78C225A14DD00632FB4 /* Main.storyboard */ = {
			isa = PBXVariantGroup;
			children = (
				83B4B78D225A14DD00632FB4 /* Base */,
			);
			name = Main.storyboard;
			sourceTree = "<group>";
		};
		83B4B791225A14DD00632FB4 /* LaunchScreen.storyboard */ = {
			isa = PBXVariantGroup;
			children = (
				83B4B792225A14DD00632FB4 /* Base */,
			);
			name = LaunchScreen.storyboard;
			sourceTree = "<group>";
		};
/* End PBXVariantGroup section */

/* Begin XCBuildConfiguration section */
		83B4B77D225A146B00632FB4 /* Debug */ = {
			isa = XCBuildConfiguration;
			buildSettings = {
				ALWAYS_SEARCH_USER_PATHS = NO;
				CLANG_ANALYZER_NONNULL = YES;
				CLANG_ANALYZER_NUMBER_OBJECT_CONVERSION = YES_AGGRESSIVE;
				CLANG_CXX_LANGUAGE_STANDARD = "gnu++14";
				CLANG_CXX_LIBRARY = "libc++";
				CLANG_ENABLE_MODULES = YES;
				CLANG_ENABLE_OBJC_ARC = YES;
				CLANG_ENABLE_OBJC_WEAK = YES;
				CLANG_WARN_BLOCK_CAPTURE_AUTORELEASING = YES;
				CLANG_WARN_BOOL_CONVERSION = YES;
				CLANG_WARN_COMMA = YES;
				CLANG_WARN_CONSTANT_CONVERSION = YES;
				CLANG_WARN_DEPRECATED_OBJC_IMPLEMENTATIONS = YES;
				CLANG_WARN_DIRECT_OBJC_ISA_USAGE = YES_ERROR;
				CLANG_WARN_DOCUMENTATION_COMMENTS = YES;
				CLANG_WARN_EMPTY_BODY = YES;
				CLANG_WARN_ENUM_CONVERSION = YES;
				CLANG_WARN_INFINITE_RECURSION = YES;
				CLANG_WARN_INT_CONVERSION = YES;
				CLANG_WARN_NON_LITERAL_NULL_CONVERSION = YES;
				CLANG_WARN_OBJC_IMPLICIT_RETAIN_SELF = YES;
				CLANG_WARN_OBJC_LITERAL_CONVERSION = YES;
				CLANG_WARN_OBJC_ROOT_CLASS = YES_ERROR;
				CLANG_WARN_RANGE_LOOP_ANALYSIS = YES;
				CLANG_WARN_STRICT_PROTOTYPES = YES;
				CLANG_WARN_SUSPICIOUS_MOVE = YES;
				CLANG_WARN_UNGUARDED_AVAILABILITY = YES_AGGRESSIVE;
				CLANG_WARN_UNREACHABLE_CODE = YES;
				CLANG_WARN__DUPLICATE_METHOD_MATCH = YES;
				CODE_SIGN_IDENTITY = "iPhone Developer";
				COPY_PHASE_STRIP = NO;
				DEBUG_INFORMATION_FORMAT = dwarf;
				ENABLE_STRICT_OBJC_MSGSEND = YES;
				ENABLE_TESTABILITY = YES;
				GCC_C_LANGUAGE_STANDARD = gnu11;
				GCC_DYNAMIC_NO_PIC = NO;
				GCC_NO_COMMON_BLOCKS = YES;
				GCC_OPTIMIZATION_LEVEL = 0;
				GCC_PREPROCESSOR_DEFINITIONS = (
					"DEBUG=1",
					"$(inherited)",
				);
				GCC_WARN_64_TO_32_BIT_CONVERSION = YES;
				GCC_WARN_ABOUT_RETURN_TYPE = YES_ERROR;
				GCC_WARN_UNDECLARED_SELECTOR = YES;
				GCC_WARN_UNINITIALIZED_AUTOS = YES_AGGRESSIVE;
				GCC_WARN_UNUSED_FUNCTION = YES;
				GCC_WARN_UNUSED_VARIABLE = YES;
				IPHONEOS_DEPLOYMENT_TARGET = 12.2;
				MTL_ENABLE_DEBUG_INFO = INCLUDE_SOURCE;
				MTL_FAST_MATH = YES;
				ONLY_ACTIVE_ARCH = YES;
				SDKROOT = iphoneos;
				SWIFT_ACTIVE_COMPILATION_CONDITIONS = DEBUG;
				SWIFT_OPTIMIZATION_LEVEL = "-Onone";
			};
			name = Debug;
		};
		83B4B77E225A146B00632FB4 /* Release */ = {
			isa = XCBuildConfiguration;
			buildSettings = {
				ALWAYS_SEARCH_USER_PATHS = NO;
				CLANG_ANALYZER_NONNULL = YES;
				CLANG_ANALYZER_NUMBER_OBJECT_CONVERSION = YES_AGGRESSIVE;
				CLANG_CXX_LANGUAGE_STANDARD = "gnu++14";
				CLANG_CXX_LIBRARY = "libc++";
				CLANG_ENABLE_MODULES = YES;
				CLANG_ENABLE_OBJC_ARC = YES;
				CLANG_ENABLE_OBJC_WEAK = YES;
				CLANG_WARN_BLOCK_CAPTURE_AUTORELEASING = YES;
				CLANG_WARN_BOOL_CONVERSION = YES;
				CLANG_WARN_COMMA = YES;
				CLANG_WARN_CONSTANT_CONVERSION = YES;
				CLANG_WARN_DEPRECATED_OBJC_IMPLEMENTATIONS = YES;
				CLANG_WARN_DIRECT_OBJC_ISA_USAGE = YES_ERROR;
				CLANG_WARN_DOCUMENTATION_COMMENTS = YES;
				CLANG_WARN_EMPTY_BODY = YES;
				CLANG_WARN_ENUM_CONVERSION = YES;
				CLANG_WARN_INFINITE_RECURSION = YES;
				CLANG_WARN_INT_CONVERSION = YES;
				CLANG_WARN_NON_LITERAL_NULL_CONVERSION = YES;
				CLANG_WARN_OBJC_IMPLICIT_RETAIN_SELF = YES;
				CLANG_WARN_OBJC_LITERAL_CONVERSION = YES;
				CLANG_WARN_OBJC_ROOT_CLASS = YES_ERROR;
				CLANG_WARN_RANGE_LOOP_ANALYSIS = YES;
				CLANG_WARN_STRICT_PROTOTYPES = YES;
				CLANG_WARN_SUSPICIOUS_MOVE = YES;
				CLANG_WARN_UNGUARDED_AVAILABILITY = YES_AGGRESSIVE;
				CLANG_WARN_UNREACHABLE_CODE = YES;
				CLANG_WARN__DUPLICATE_METHOD_MATCH = YES;
				CODE_SIGN_IDENTITY = "iPhone Developer";
				COPY_PHASE_STRIP = NO;
				DEBUG_INFORMATION_FORMAT = "dwarf-with-dsym";
				ENABLE_NS_ASSERTIONS = NO;
				ENABLE_STRICT_OBJC_MSGSEND = YES;
				GCC_C_LANGUAGE_STANDARD = gnu11;
				GCC_NO_COMMON_BLOCKS = YES;
				GCC_WARN_64_TO_32_BIT_CONVERSION = YES;
				GCC_WARN_ABOUT_RETURN_TYPE = YES_ERROR;
				GCC_WARN_UNDECLARED_SELECTOR = YES;
				GCC_WARN_UNINITIALIZED_AUTOS = YES_AGGRESSIVE;
				GCC_WARN_UNUSED_FUNCTION = YES;
				GCC_WARN_UNUSED_VARIABLE = YES;
				IPHONEOS_DEPLOYMENT_TARGET = 12.2;
				MTL_ENABLE_DEBUG_INFO = NO;
				MTL_FAST_MATH = YES;
				SDKROOT = iphoneos;
				SWIFT_COMPILATION_MODE = wholemodule;
				SWIFT_OPTIMIZATION_LEVEL = "-O";
				VALIDATE_PRODUCT = YES;
			};
			name = Release;
		};
		83B4B780225A146B00632FB4 /* Debug */ = {
			isa = XCBuildConfiguration;
			baseConfigurationReference = A7544E9127438F57F7A7683D /* Pods-wagon.debug.xcconfig */;
			buildSettings = {
				ASSETCATALOG_COMPILER_APPICON_NAME = AppIcon;
				CODE_SIGN_STYLE = Automatic;
				DEVELOPMENT_TEAM = 384TS3V9HP;
				INFOPLIST_FILE = wagon/Info.plist;
				IPHONEOS_DEPLOYMENT_TARGET = 10.0;
				LD_RUNPATH_SEARCH_PATHS = (
					"$(inherited)",
					"@executable_path/Frameworks",
				);
				PRODUCT_BUNDLE_IDENTIFIER = dan.wagon;
				PRODUCT_NAME = "$(TARGET_NAME)";
				SWIFT_VERSION = 5.0;
				TARGETED_DEVICE_FAMILY = "1,2";
			};
			name = Debug;
		};
		83B4B781225A146B00632FB4 /* Release */ = {
			isa = XCBuildConfiguration;
			baseConfigurationReference = 28B3698362A2B628A845DFB5 /* Pods-wagon.release.xcconfig */;
			buildSettings = {
				ASSETCATALOG_COMPILER_APPICON_NAME = AppIcon;
				CODE_SIGN_STYLE = Automatic;
				DEVELOPMENT_TEAM = 384TS3V9HP;
				INFOPLIST_FILE = wagon/Info.plist;
				IPHONEOS_DEPLOYMENT_TARGET = 10.0;
				LD_RUNPATH_SEARCH_PATHS = (
					"$(inherited)",
					"@executable_path/Frameworks",
				);
				PRODUCT_BUNDLE_IDENTIFIER = dan.wagon;
				PRODUCT_NAME = "$(TARGET_NAME)";
				SWIFT_VERSION = 5.0;
				TARGETED_DEVICE_FAMILY = "1,2";
			};
			name = Release;
		};
		83B4B796225A14DD00632FB4 /* Debug */ = {
			isa = XCBuildConfiguration;
			baseConfigurationReference = C36C6868C696D348626331FF /* Pods-wagonadmin.debug.xcconfig */;
			buildSettings = {
				ASSETCATALOG_COMPILER_APPICON_NAME = AppIcon;
				CODE_SIGN_STYLE = Automatic;
				DEVELOPMENT_TEAM = 384TS3V9HP;
				INFOPLIST_FILE = wagonadmin/Info.plist;
				IPHONEOS_DEPLOYMENT_TARGET = 10.0;
				LD_RUNPATH_SEARCH_PATHS = (
					"$(inherited)",
					"@executable_path/Frameworks",
				);
				PRODUCT_BUNDLE_IDENTIFIER = dan.wagonadmin;
				PRODUCT_NAME = "$(TARGET_NAME)";
				SWIFT_VERSION = 5.0;
				TARGETED_DEVICE_FAMILY = "1,2";
			};
			name = Debug;
		};
		83B4B797225A14DD00632FB4 /* Release */ = {
			isa = XCBuildConfiguration;
			baseConfigurationReference = 3C2531441CC0669E507E4E13 /* Pods-wagonadmin.release.xcconfig */;
			buildSettings = {
				ASSETCATALOG_COMPILER_APPICON_NAME = AppIcon;
				CODE_SIGN_STYLE = Automatic;
				DEVELOPMENT_TEAM = 384TS3V9HP;
				INFOPLIST_FILE = wagonadmin/Info.plist;
				IPHONEOS_DEPLOYMENT_TARGET = 10.0;
				LD_RUNPATH_SEARCH_PATHS = (
					"$(inherited)",
					"@executable_path/Frameworks",
				);
				PRODUCT_BUNDLE_IDENTIFIER = dan.wagonadmin;
				PRODUCT_NAME = "$(TARGET_NAME)";
				SWIFT_VERSION = 5.0;
				TARGETED_DEVICE_FAMILY = "1,2";
			};
			name = Release;
		};
/* End XCBuildConfiguration section */

/* Begin XCConfigurationList section */
		83B4B768225A146A00632FB4 /* Build configuration list for PBXProject "wagon" */ = {
			isa = XCConfigurationList;
			buildConfigurations = (
				83B4B77D225A146B00632FB4 /* Debug */,
				83B4B77E225A146B00632FB4 /* Release */,
			);
			defaultConfigurationIsVisible = 0;
			defaultConfigurationName = Release;
		};
		83B4B77F225A146B00632FB4 /* Build configuration list for PBXNativeTarget "wagon" */ = {
			isa = XCConfigurationList;
			buildConfigurations = (
				83B4B780225A146B00632FB4 /* Debug */,
				83B4B781225A146B00632FB4 /* Release */,
			);
			defaultConfigurationIsVisible = 0;
			defaultConfigurationName = Release;
		};
		83B4B795225A14DD00632FB4 /* Build configuration list for PBXNativeTarget "wagonadmin" */ = {
			isa = XCConfigurationList;
			buildConfigurations = (
				83B4B796225A14DD00632FB4 /* Debug */,
				83B4B797225A14DD00632FB4 /* Release */,
			);
			defaultConfigurationIsVisible = 0;
			defaultConfigurationName = Release;
		};
/* End XCConfigurationList section */
	};
	rootObject = 83B4B765225A146A00632FB4 /* Project object */;
}
